{
  "name": "benchmark",
  "lockfileVersion": 3,
  "requires": true,
  "packages": {
    "": {
      "dependencies": {
        "jsonc-parser": "^3.3.1",
        "jsonc.min": "^1.1.1"
      }
    },
    "node_modules/jsonc-parser": {
      "version": "3.3.1",
      "resolved": "https://registry.npmjs.org/jsonc-parser/-/jsonc-parser-3.3.1.tgz",
      "integrity": "sha512-HUgH65KyejrUFPvHFPbqOY0rsFip3Bo5wb4ngvdi1EpCYWUQDC5V+Y7mZws+DLkr4M//zQJoanu1SP+87Dv1oQ==",
      "license": "MIT"
    },
    "node_modules/jsonc.min": {
      "version": "1.1.1",
      "resolved": "https://registry.npmjs.org/jsonc.min/-/jsonc.min-1.1.1.tgz",
      "integrity": "sha512-dHSOtuGS9eRgVeJoqLeJlxt0ZCAvmaTUtizKbY8CSXBTjPX3Ls6h5LWexBlGSO+q7VQrUNoCLJw1Q7C+1Mw16Q==",
      "license": "MIT",
      "engines": {
        "bun": ">=1.0.0",
        "deno": ">=1.30.0",
        "node": ">=4.0.0"
      },
      "funding": {
        "type": "github",
        "url": "https://github.com/sponsors/wellwelwel"
      }
    }
  }
}
